
Microsoft Visual Studio Solution File, Format Version 12.00
# Visual Studio Version 17
VisualStudioVersion = 17.2.32526.322
MinimumVisualStudioVersion = 10.0.40219.1
Project("{9A19103F-16F7-4668-BE54-9A1E7A4F7556}") = "ModernCamera", "ModernCamera\ModernCamera.csproj", "{7253F4CB-D6C9-4FE5-8D1B-039A45E3432F}"
EndProject
Project("{9A19103F-16F7-4668-BE54-9A1E7A4F7556}") = "Silkworm", "..\Silkworm\Silkworm\Silkworm.csproj", "{5BD5B78F-7462-4549-8260-3F0267758C20}"
EndProject
Global
	GlobalSection(SolutionConfigurationPlatforms) = preSolution
		Debug|Any CPU = Debug|Any CPU
		Release|Any CPU = Release|Any CPU
	EndGlobalSection
	GlobalSection(ProjectConfigurationPlatforms) = postSolution
		{7253F4CB-D6C9-4FE5-8D1B-039A45E3432F}.Debug|Any CPU.ActiveCfg = Debug|Any CPU
		{7253F4CB-D6C9-4FE5-8D1B-039A45E3432F}.Debug|Any CPU.Build.0 = Debug|Any CPU
		{7253F4CB-D6C9-4FE5-8D1B-039A45E3432F}.Release|Any CPU.ActiveCfg = Release|Any CPU
		{7253F4CB-D6C9-4FE5-8D1B-039A45E3432F}.Release|Any CPU.Build.0 = Release|Any CPU
		{5BD5B78F-7462-4549-8260-3F0267758C20}.Debug|Any CPU.ActiveCfg = Debug|Any CPU
		{5BD5B78F-7462-4549-8260-3F0267758C20}.Debug|Any CPU.Build.0 = Debug|Any CPU
		{5BD5B78F-7462-4549-8260-3F0267758C20}.Release|Any CPU.ActiveCfg = Release|Any CPU
		{5BD5B78F-7462-4549-8260-3F0267758C20}.Release|Any CPU.Build.0 = Release|Any CPU
	EndGlobalSection
	GlobalSection(SolutionProperties) = preSolution
		HideSolutionNode = FALSE
	EndGlobalSection
	GlobalSection(ExtensibilityGlobals) = postSolution
		SolutionGuid = {70D9E8CC-51B2-4CBE-A472-F5880A2596D8}
	EndGlobalSection
EndGlobal
